
Microsoft Visual Studio Solution File, Format Version 12.00
# Visual Studio 15
Project("{FAE04EC0-301F-11D3-BF4B-00C04F79EFBC}") = "SteamVR_Actions", "SteamVR_Actions.csproj", "{360C1A5E-7E2C-C49C-1D85-DD5B6A4D76A8}"
EndProject
Project("{FAE04EC0-301F-11D3-BF4B-00C04F79EFBC}") = "SteamVR", "SteamVR.csproj", "{413DD47A-FA2B-DDBB-B75D-FDDDCBC5CABF}"
EndProject
Project("{FAE04EC0-301F-11D3-BF4B-00C04F79EFBC}") = "Assembly-CSharp", "Assembly-CSharp.csproj", "{A40267E5-A9AE-499D-092A-C1EC4124D604}"
EndProject
Project("{FAE04EC0-301F-11D3-BF4B-00C04F79EFBC}") = "Assembly-CSharp-Editor", "Assembly-CSharp-Editor.csproj", "{5ED5C89F-F499-29D8-A971-AD4748D371AF}"
EndProject
Project("{FAE04EC0-301F-11D3-BF4B-00C04F79EFBC}") = "SteamVR_Editor", "SteamVR_Editor.csproj", "{4E8194D0-797D-9D01-057A-0C674C0D8660}"
EndProject
Project("{FAE04EC0-301F-11D3-BF4B-00C04F79EFBC}") = "SteamVR_Input_Editor", "SteamVR_Input_Editor.csproj", "{66780B4A-8A41-2003-6F73-7DF9E67F4B0C}"
EndProject
Project("{FAE04EC0-301F-11D3-BF4B-00C04F79EFBC}") = "SteamVR_Windows_EditorHelper", "SteamVR_Windows_EditorHelper.csproj", "{EC0FE0AE-856A-7A40-2472-24C9105899FA}"
EndProject
Global
	GlobalSection(SolutionConfigurationPlatforms) = preSolution
		Debug|Any CPU = Debug|Any CPU
		Release|Any CPU = Release|Any CPU
	EndGlobalSection
	GlobalSection(ProjectConfigurationPlatforms) = postSolution
		{360C1A5E-7E2C-C49C-1D85-DD5B6A4D76A8}.Debug|Any CPU.ActiveCfg = Debug|Any CPU
		{360C1A5E-7E2C-C49C-1D85-DD5B6A4D76A8}.Debug|Any CPU.Build.0 = Debug|Any CPU
		{360C1A5E-7E2C-C49C-1D85-DD5B6A4D76A8}.Release|Any CPU.ActiveCfg = Release|Any CPU
		{360C1A5E-7E2C-C49C-1D85-DD5B6A4D76A8}.Release|Any CPU.Build.0 = Release|Any CPU
		{413DD47A-FA2B-DDBB-B75D-FDDDCBC5CABF}.Debug|Any CPU.ActiveCfg = Debug|Any CPU
		{413DD47A-FA2B-DDBB-B75D-FDDDCBC5CABF}.Debug|Any CPU.Build.0 = Debug|Any CPU
		{413DD47A-FA2B-DDBB-B75D-FDDDCBC5CABF}.Release|Any CPU.ActiveCfg = Release|Any CPU
		{413DD47A-FA2B-DDBB-B75D-FDDDCBC5CABF}.Release|Any CPU.Build.0 = Release|Any CPU
		{A40267E5-A9AE-499D-092A-C1EC4124D604}.Debug|Any CPU.ActiveCfg = Debug|Any CPU
		{A40267E5-A9AE-499D-092A-C1EC4124D604}.Debug|Any CPU.Build.0 = Debug|Any CPU
		{A40267E5-A9AE-499D-092A-C1EC4124D604}.Release|Any CPU.ActiveCfg = Release|Any CPU
		{A40267E5-A9AE-499D-092A-C1EC4124D604}.Release|Any CPU.Build.0 = Release|Any CPU
		{5ED5C89F-F499-29D8-A971-AD4748D371AF}.Debug|Any CPU.ActiveCfg = Debug|Any CPU
		{5ED5C89F-F499-29D8-A971-AD4748D371AF}.Debug|Any CPU.Build.0 = Debug|Any CPU
		{5ED5C89F-F499-29D8-A971-AD4748D371AF}.Release|Any CPU.ActiveCfg = Release|Any CPU
		{5ED5C89F-F499-29D8-A971-AD4748D371AF}.Release|Any CPU.Build.0 = Release|Any CPU
		{4E8194D0-797D-9D01-057A-0C674C0D8660}.Debug|Any CPU.ActiveCfg = Debug|Any CPU
		{4E8194D0-797D-9D01-057A-0C674C0D8660}.Debug|Any CPU.Build.0 = Debug|Any CPU
		{4E8194D0-797D-9D01-057A-0C674C0D8660}.Release|Any CPU.ActiveCfg = Release|Any CPU
		{4E8194D0-797D-9D01-057A-0C674C0D8660}.Release|Any CPU.Build.0 = Release|Any CPU
		{66780B4A-8A41-2003-6F73-7DF9E67F4B0C}.Debug|Any CPU.ActiveCfg = Debug|Any CPU
		{66780B4A-8A41-2003-6F73-7DF9E67F4B0C}.Debug|Any CPU.Build.0 = Debug|Any CPU
		{66780B4A-8A41-2003-6F73-7DF9E67F4B0C}.Release|Any CPU.ActiveCfg = Release|Any CPU
		{66780B4A-8A41-2003-6F73-7DF9E67F4B0C}.Release|Any CPU.Build.0 = Release|Any CPU
		{EC0FE0AE-856A-7A40-2472-24C9105899FA}.Debug|Any CPU.ActiveCfg = Debug|Any CPU
		{EC0FE0AE-856A-7A40-2472-24C9105899FA}.Debug|Any CPU.Build.0 = Debug|Any CPU
		{EC0FE0AE-856A-7A40-2472-24C9105899FA}.Release|Any CPU.ActiveCfg = Release|Any CPU
		{EC0FE0AE-856A-7A40-2472-24C9105899FA}.Release|Any CPU.Build.0 = Release|Any CPU
	EndGlobalSection
	GlobalSection(SolutionProperties) = preSolution
		HideSolutionNode = FALSE
	EndGlobalSection
EndGlobal
